// !$*UTF8*$!
{
	archiveVersion = 1;
	classes = {
	};
	objectVersion = 51;
	objects = {

/* Begin PBXBuildFile section */
		1658427C233E5AED0058AC6C /* API.swift in Sources */ = {isa = PBXBuildFile; fileRef = 1658427B233E5AED0058AC6C /* API.swift */; };
		1658427F233E5C8B0058AC6C /* ApiProvider.swift in Sources */ = {isa = PBXBuildFile; fileRef = 1658427E233E5C8B0058AC6C /* ApiProvider.swift */; };
		16584281233E5E5C0058AC6C /* LoginRequest.swift in Sources */ = {isa = PBXBuildFile; fileRef = 16584280233E5E5C0058AC6C /* LoginRequest.swift */; };
		16584283233E5E660058AC6C /* LoginResponse.swift in Sources */ = {isa = PBXBuildFile; fileRef = 16584282233E5E660058AC6C /* LoginResponse.swift */; };
		16584285233E5F210058AC6C /* NError.swift in Sources */ = {isa = PBXBuildFile; fileRef = 16584284233E5F210058AC6C /* NError.swift */; };
		16584287233E60250058AC6C /* RxMoya.swift in Sources */ = {isa = PBXBuildFile; fileRef = 16584286233E60250058AC6C /* RxMoya.swift */; };
		16584289233E632A0058AC6C /* APISessionManager.swift in Sources */ = {isa = PBXBuildFile; fileRef = 16584288233E632A0058AC6C /* APISessionManager.swift */; };
		1658428B233E64780058AC6C /* Extensions.swift in Sources */ = {isa = PBXBuildFile; fileRef = 1658428A233E64780058AC6C /* Extensions.swift */; };
		1658428D233E6A0C0058AC6C /* MainTabBar.swift in Sources */ = {isa = PBXBuildFile; fileRef = 1658428C233E6A0C0058AC6C /* MainTabBar.swift */; };
		1658428F233E6B8A0058AC6C /* Images.swift in Sources */ = {isa = PBXBuildFile; fileRef = 1658428E233E6B8A0058AC6C /* Images.swift */; };
		16584294233E74ED0058AC6C /* BankIniciativeModel.swift in Sources */ = {isa = PBXBuildFile; fileRef = 16584293233E74ED0058AC6C /* BankIniciativeModel.swift */; };
		16584297233E75C60058AC6C /* VotesStackView.swift in Sources */ = {isa = PBXBuildFile; fileRef = 16584296233E75C60058AC6C /* VotesStackView.swift */; };
		16584299233E790C0058AC6C /* Fonts.swift in Sources */ = {isa = PBXBuildFile; fileRef = 16584298233E790C0058AC6C /* Fonts.swift */; };
		1658429C233E9FE60058AC6C /* IniciativeListingVC.swift in Sources */ = {isa = PBXBuildFile; fileRef = 1658429B233E9FE60058AC6C /* IniciativeListingVC.swift */; };
		1658429E233EA00C0058AC6C /* IniciativeListingCellWithImage.swift in Sources */ = {isa = PBXBuildFile; fileRef = 1658429D233EA00C0058AC6C /* IniciativeListingCellWithImage.swift */; };
		165842A0233EA0270058AC6C /* IniciativeListingCell.swift in Sources */ = {isa = PBXBuildFile; fileRef = 1658429F233EA0270058AC6C /* IniciativeListingCell.swift */; };
		165842A2233EA04E0058AC6C /* BaseVC.swift in Sources */ = {isa = PBXBuildFile; fileRef = 165842A1233EA04E0058AC6C /* BaseVC.swift */; };
		165842A4233EA1800058AC6C /* IniciativeListingVM.swift in Sources */ = {isa = PBXBuildFile; fileRef = 165842A3233EA1800058AC6C /* IniciativeListingVM.swift */; };
		165842A6233EA4190058AC6C /* IniciativeListRequest.swift in Sources */ = {isa = PBXBuildFile; fileRef = 165842A5233EA4190058AC6C /* IniciativeListRequest.swift */; };
		165842A8233EA5160058AC6C /* IniciativeListResponse.swift in Sources */ = {isa = PBXBuildFile; fileRef = 165842A7233EA5160058AC6C /* IniciativeListResponse.swift */; };
		165842AA233EAB5C0058AC6C /* ReusableView.swift in Sources */ = {isa = PBXBuildFile; fileRef = 165842A9233EAB5C0058AC6C /* ReusableView.swift */; };
		165842AC233EC3A30058AC6C /* Colors.swift in Sources */ = {isa = PBXBuildFile; fileRef = 165842AB233EC3A30058AC6C /* Colors.swift */; };
		165842AE233EC6140058AC6C /* VoteButton.swift in Sources */ = {isa = PBXBuildFile; fileRef = 165842AD233EC6130058AC6C /* VoteButton.swift */; };
		165842B0233ED7580058AC6C /* SegmentedControl.swift in Sources */ = {isa = PBXBuildFile; fileRef = 165842AF233ED7580058AC6C /* SegmentedControl.swift */; };
		165842B2233ED99A0058AC6C /* InactiveListtopBar.swift in Sources */ = {isa = PBXBuildFile; fileRef = 165842B1233ED99A0058AC6C /* InactiveListtopBar.swift */; };
		165842B4233EE7110058AC6C /* CustomTextField.swift in Sources */ = {isa = PBXBuildFile; fileRef = 165842B3233EE7110058AC6C /* CustomTextField.swift */; };
		165842B8233EF1C00058AC6C /* GrayBtn.swift in Sources */ = {isa = PBXBuildFile; fileRef = 165842B7233EF1C00058AC6C /* GrayBtn.swift */; };
		165842BB233EF56D0058AC6C /* IniciativeFullVC.swift in Sources */ = {isa = PBXBuildFile; fileRef = 165842BA233EF56D0058AC6C /* IniciativeFullVC.swift */; };
		165842BF233F051F0058AC6C /* CheckboxGroupView.swift in Sources */ = {isa = PBXBuildFile; fileRef = 165842BE233F051F0058AC6C /* CheckboxGroupView.swift */; };
		165842C2233F05C00058AC6C /* CheckboxGroupModel.swift in Sources */ = {isa = PBXBuildFile; fileRef = 165842C1233F05C00058AC6C /* CheckboxGroupModel.swift */; };
		165842C4233F05F90058AC6C /* CheckboxItemModel.swift in Sources */ = {isa = PBXBuildFile; fileRef = 165842C3233F05F90058AC6C /* CheckboxItemModel.swift */; };
		165842C6233F09B80058AC6C /* CheckboxCell.swift in Sources */ = {isa = PBXBuildFile; fileRef = 165842C5233F09B80058AC6C /* CheckboxCell.swift */; };
		165842C8233F16F30058AC6C /* QuestionModel.swift in Sources */ = {isa = PBXBuildFile; fileRef = 165842C7233F16F30058AC6C /* QuestionModel.swift */; };
		165842CC233F19590058AC6C /* IniciativeFullRequest.swift in Sources */ = {isa = PBXBuildFile; fileRef = 165842CB233F19590058AC6C /* IniciativeFullRequest.swift */; };
		165842CE233F1E360058AC6C /* IniciativeFullResponse.swift in Sources */ = {isa = PBXBuildFile; fileRef = 165842CD233F1E350058AC6C /* IniciativeFullResponse.swift */; };
		165842D0233F28AC0058AC6C /* AnswerRequest.swift in Sources */ = {isa = PBXBuildFile; fileRef = 165842CF233F28AC0058AC6C /* AnswerRequest.swift */; };
		165842D2233F30430058AC6C /* SelectorCell.swift in Sources */ = {isa = PBXBuildFile; fileRef = 165842D1233F30430058AC6C /* SelectorCell.swift */; };
		165842D4233F304E0058AC6C /* SelectorGroupView.swift in Sources */ = {isa = PBXBuildFile; fileRef = 165842D3233F304E0058AC6C /* SelectorGroupView.swift */; };
		165842D6233F30BF0058AC6C /* SelectorItemModel.swift in Sources */ = {isa = PBXBuildFile; fileRef = 165842D5233F30BF0058AC6C /* SelectorItemModel.swift */; };
		165842D8233F30CA0058AC6C /* SelectorGroupModel.swift in Sources */ = {isa = PBXBuildFile; fileRef = 165842D7233F30CA0058AC6C /* SelectorGroupModel.swift */; };
		165842DA233F34BC0058AC6C /* ConstantsIniciative.swift in Sources */ = {isa = PBXBuildFile; fileRef = 165842D9233F34BC0058AC6C /* ConstantsIniciative.swift */; };
		165842DC233F39740058AC6C /* SectionView.swift in Sources */ = {isa = PBXBuildFile; fileRef = 165842DB233F39740058AC6C /* SectionView.swift */; };
		165842DE233F411D0058AC6C /* InputGroupModel.swift in Sources */ = {isa = PBXBuildFile; fileRef = 165842DD233F411D0058AC6C /* InputGroupModel.swift */; };
		165842E0233F42310058AC6C /* QuestionTextField.swift in Sources */ = {isa = PBXBuildFile; fileRef = 165842DF233F42310058AC6C /* QuestionTextField.swift */; };
		165842E2233F46980058AC6C /* QuestionTextArea.swift in Sources */ = {isa = PBXBuildFile; fileRef = 165842E1233F46980058AC6C /* QuestionTextArea.swift */; };
		16713836233E365800DC31A4 /* AppDelegate.swift in Sources */ = {isa = PBXBuildFile; fileRef = 16713835233E365800DC31A4 /* AppDelegate.swift */; };
		16713838233E365800DC31A4 /* SceneDelegate.swift in Sources */ = {isa = PBXBuildFile; fileRef = 16713837233E365800DC31A4 /* SceneDelegate.swift */; };
		1671383D233E365800DC31A4 /* Main.storyboard in Resources */ = {isa = PBXBuildFile; fileRef = 1671383B233E365800DC31A4 /* Main.storyboard */; };
		1671383F233E365900DC31A4 /* Assets.xcassets in Resources */ = {isa = PBXBuildFile; fileRef = 1671383E233E365900DC31A4 /* Assets.xcassets */; };
		16713842233E365900DC31A4 /* LaunchScreen.storyboard in Resources */ = {isa = PBXBuildFile; fileRef = 16713840233E365900DC31A4 /* LaunchScreen.storyboard */; };
		1671384D233E365A00DC31A4 /* SocialBankTests.swift in Sources */ = {isa = PBXBuildFile; fileRef = 1671384C233E365A00DC31A4 /* SocialBankTests.swift */; };
		16713858233E365A00DC31A4 /* SocialBankUITests.swift in Sources */ = {isa = PBXBuildFile; fileRef = 16713857233E365A00DC31A4 /* SocialBankUITests.swift */; };
		16713866233E3D2000DC31A4 /* BankIniciativeVC.swift in Sources */ = {isa = PBXBuildFile; fileRef = 16713865233E3D2000DC31A4 /* BankIniciativeVC.swift */; };
		16713868233E3F2100DC31A4 /* LoginVC.swift in Sources */ = {isa = PBXBuildFile; fileRef = 16713867233E3F2100DC31A4 /* LoginVC.swift */; };
		1671386F233E48A100DC31A4 /* UDKeys.swift in Sources */ = {isa = PBXBuildFile; fileRef = 1671386E233E48A100DC31A4 /* UDKeys.swift */; };
		16713873233E515600DC31A4 /* EnterCodeVC.swift in Sources */ = {isa = PBXBuildFile; fileRef = 16713872233E515600DC31A4 /* EnterCodeVC.swift */; };
		16713876233E520D00DC31A4 /* MainNavVC.swift in Sources */ = {isa = PBXBuildFile; fileRef = 16713875233E520D00DC31A4 /* MainNavVC.swift */; };
		1698EF20233F4C5400444C5B /* QuestionRating.swift in Sources */ = {isa = PBXBuildFile; fileRef = 1698EF1F233F4C5400444C5B /* QuestionRating.swift */; };
		1698EF22233F625900444C5B /* IniciativeFullTopBar.swift in Sources */ = {isa = PBXBuildFile; fileRef = 1698EF21233F625900444C5B /* IniciativeFullTopBar.swift */; };
		3FAFE306FD3D9F425E716767 /* Pods_SocialBank.framework in Frameworks */ = {isa = PBXBuildFile; fileRef = 728AC1CAFD5402155F4F345F /* Pods_SocialBank.framework */; };
/* End PBXBuildFile section */

/* Begin PBXContainerItemProxy section */
		16713849233E365A00DC31A4 /* PBXContainerItemProxy */ = {
			isa = PBXContainerItemProxy;
			containerPortal = 1671382A233E365800DC31A4 /* Project object */;
			proxyType = 1;
			remoteGlobalIDString = 16713831233E365800DC31A4;
			remoteInfo = SocialBank;
		};
		16713854233E365A00DC31A4 /* PBXContainerItemProxy */ = {
			isa = PBXContainerItemProxy;
			containerPortal = 1671382A233E365800DC31A4 /* Project object */;
			proxyType = 1;
			remoteGlobalIDString = 16713831233E365800DC31A4;
			remoteInfo = SocialBank;
		};
/* End PBXContainerItemProxy section */

/* Begin PBXFileReference section */
		1658427B233E5AED0058AC6C /* API.swift */ = {isa = PBXFileReference; lastKnownFileType = sourcecode.swift; path = API.swift; sourceTree = "<group>"; };
		1658427E233E5C8B0058AC6C /* ApiProvider.swift */ = {isa = PBXFileReference; lastKnownFileType = sourcecode.swift; path = ApiProvider.swift; sourceTree = "<group>"; };
		16584280233E5E5C0058AC6C /* LoginRequest.swift */ = {isa = PBXFileReference; lastKnownFileType = sourcecode.swift; path = LoginRequest.swift; sourceTree = "<group>"; };
		16584282233E5E660058AC6C /* LoginResponse.swift */ = {isa = PBXFileReference; lastKnownFileType = sourcecode.swift; path = LoginResponse.swift; sourceTree = "<group>"; };
		16584284233E5F210058AC6C /* NError.swift */ = {isa = PBXFileReference; lastKnownFileType = sourcecode.swift; path = NError.swift; sourceTree = "<group>"; };
		16584286233E60250058AC6C /* RxMoya.swift */ = {isa = PBXFileReference; lastKnownFileType = sourcecode.swift; path = RxMoya.swift; sourceTree = "<group>"; };
		16584288233E632A0058AC6C /* APISessionManager.swift */ = {isa = PBXFileReference; lastKnownFileType = sourcecode.swift; path = APISessionManager.swift; sourceTree = "<group>"; };
		1658428A233E64780058AC6C /* Extensions.swift */ = {isa = PBXFileReference; lastKnownFileType = sourcecode.swift; path = Extensions.swift; sourceTree = "<group>"; };
		1658428C233E6A0C0058AC6C /* MainTabBar.swift */ = {isa = PBXFileReference; lastKnownFileType = sourcecode.swift; path = MainTabBar.swift; sourceTree = "<group>"; };
		1658428E233E6B8A0058AC6C /* Images.swift */ = {isa = PBXFileReference; lastKnownFileType = sourcecode.swift; path = Images.swift; sourceTree = "<group>"; };
		16584293233E74ED0058AC6C /* BankIniciativeModel.swift */ = {isa = PBXFileReference; lastKnownFileType = sourcecode.swift; path = BankIniciativeModel.swift; sourceTree = "<group>"; };
		16584296233E75C60058AC6C /* VotesStackView.swift */ = {isa = PBXFileReference; lastKnownFileType = sourcecode.swift; path = VotesStackView.swift; sourceTree = "<group>"; };
		16584298233E790C0058AC6C /* Fonts.swift */ = {isa = PBXFileReference; lastKnownFileType = sourcecode.swift; path = Fonts.swift; sourceTree = "<group>"; };
		1658429B233E9FE60058AC6C /* IniciativeListingVC.swift */ = {isa = PBXFileReference; lastKnownFileType = sourcecode.swift; path = IniciativeListingVC.swift; sourceTree = "<group>"; };
		1658429D233EA00C0058AC6C /* IniciativeListingCellWithImage.swift */ = {isa = PBXFileReference; lastKnownFileType = sourcecode.swift; path = IniciativeListingCellWithImage.swift; sourceTree = "<group>"; };
		1658429F233EA0270058AC6C /* IniciativeListingCell.swift */ = {isa = PBXFileReference; lastKnownFileType = sourcecode.swift; path = IniciativeListingCell.swift; sourceTree = "<group>"; };
		165842A1233EA04E0058AC6C /* BaseVC.swift */ = {isa = PBXFileReference; lastKnownFileType = sourcecode.swift; path = BaseVC.swift; sourceTree = "<group>"; };
		165842A3233EA1800058AC6C /* IniciativeListingVM.swift */ = {isa = PBXFileReference; lastKnownFileType = sourcecode.swift; path = IniciativeListingVM.swift; sourceTree = "<group>"; };
		165842A5233EA4190058AC6C /* IniciativeListRequest.swift */ = {isa = PBXFileReference; lastKnownFileType = sourcecode.swift; path = IniciativeListRequest.swift; sourceTree = "<group>"; };
		165842A7233EA5160058AC6C /* IniciativeListResponse.swift */ = {isa = PBXFileReference; lastKnownFileType = sourcecode.swift; path = IniciativeListResponse.swift; sourceTree = "<group>"; };
		165842A9233EAB5C0058AC6C /* ReusableView.swift */ = {isa = PBXFileReference; lastKnownFileType = sourcecode.swift; path = ReusableView.swift; sourceTree = "<group>"; };
		165842AB233EC3A30058AC6C /* Colors.swift */ = {isa = PBXFileReference; lastKnownFileType = sourcecode.swift; path = Colors.swift; sourceTree = "<group>"; };
		165842AD233EC6130058AC6C /* VoteButton.swift */ = {isa = PBXFileReference; lastKnownFileType = sourcecode.swift; path = VoteButton.swift; sourceTree = "<group>"; };
		165842AF233ED7580058AC6C /* SegmentedControl.swift */ = {isa = PBXFileReference; lastKnownFileType = sourcecode.swift; path = SegmentedControl.swift; sourceTree = "<group>"; };
		165842B1233ED99A0058AC6C /* InactiveListtopBar.swift */ = {isa = PBXFileReference; lastKnownFileType = sourcecode.swift; path = InactiveListtopBar.swift; sourceTree = "<group>"; };
		165842B3233EE7110058AC6C /* CustomTextField.swift */ = {isa = PBXFileReference; lastKnownFileType = sourcecode.swift; path = CustomTextField.swift; sourceTree = "<group>"; };
		165842B7233EF1C00058AC6C /* GrayBtn.swift */ = {isa = PBXFileReference; lastKnownFileType = sourcecode.swift; path = GrayBtn.swift; sourceTree = "<group>"; };
		165842BA233EF56D0058AC6C /* IniciativeFullVC.swift */ = {isa = PBXFileReference; lastKnownFileType = sourcecode.swift; path = IniciativeFullVC.swift; sourceTree = "<group>"; };
		165842BE233F051F0058AC6C /* CheckboxGroupView.swift */ = {isa = PBXFileReference; lastKnownFileType = sourcecode.swift; path = CheckboxGroupView.swift; sourceTree = "<group>"; };
		165842C1233F05C00058AC6C /* CheckboxGroupModel.swift */ = {isa = PBXFileReference; lastKnownFileType = sourcecode.swift; path = CheckboxGroupModel.swift; sourceTree = "<group>"; };
		165842C3233F05F90058AC6C /* CheckboxItemModel.swift */ = {isa = PBXFileReference; lastKnownFileType = sourcecode.swift; path = CheckboxItemModel.swift; sourceTree = "<group>"; };
		165842C5233F09B80058AC6C /* CheckboxCell.swift */ = {isa = PBXFileReference; lastKnownFileType = sourcecode.swift; path = CheckboxCell.swift; sourceTree = "<group>"; };
		165842C7233F16F30058AC6C /* QuestionModel.swift */ = {isa = PBXFileReference; lastKnownFileType = sourcecode.swift; path = QuestionModel.swift; sourceTree = "<group>"; };
		165842CB233F19590058AC6C /* IniciativeFullRequest.swift */ = {isa = PBXFileReference; lastKnownFileType = sourcecode.swift; path = IniciativeFullRequest.swift; sourceTree = "<group>"; };
		165842CD233F1E350058AC6C /* IniciativeFullResponse.swift */ = {isa = PBXFileReference; lastKnownFileType = sourcecode.swift; path = IniciativeFullResponse.swift; sourceTree = "<group>"; };
		165842CF233F28AC0058AC6C /* AnswerRequest.swift */ = {isa = PBXFileReference; lastKnownFileType = sourcecode.swift; path = AnswerRequest.swift; sourceTree = "<group>"; };
		165842D1233F30430058AC6C /* SelectorCell.swift */ = {isa = PBXFileReference; lastKnownFileType = sourcecode.swift; path = SelectorCell.swift; sourceTree = "<group>"; };
		165842D3233F304E0058AC6C /* SelectorGroupView.swift */ = {isa = PBXFileReference; lastKnownFileType = sourcecode.swift; path = SelectorGroupView.swift; sourceTree = "<group>"; };
		165842D5233F30BF0058AC6C /* SelectorItemModel.swift */ = {isa = PBXFileReference; lastKnownFileType = sourcecode.swift; path = SelectorItemModel.swift; sourceTree = "<group>"; };
		165842D7233F30CA0058AC6C /* SelectorGroupModel.swift */ = {isa = PBXFileReference; lastKnownFileType = sourcecode.swift; path = SelectorGroupModel.swift; sourceTree = "<group>"; };
		165842D9233F34BC0058AC6C /* ConstantsIniciative.swift */ = {isa = PBXFileReference; lastKnownFileType = sourcecode.swift; path = ConstantsIniciative.swift; sourceTree = "<group>"; };
		165842DB233F39740058AC6C /* SectionView.swift */ = {isa = PBXFileReference; lastKnownFileType = sourcecode.swift; path = SectionView.swift; sourceTree = "<group>"; };
		165842DD233F411D0058AC6C /* InputGroupModel.swift */ = {isa = PBXFileReference; lastKnownFileType = sourcecode.swift; path = InputGroupModel.swift; sourceTree = "<group>"; };
		165842DF233F42310058AC6C /* QuestionTextField.swift */ = {isa = PBXFileReference; lastKnownFileType = sourcecode.swift; path = QuestionTextField.swift; sourceTree = "<group>"; };
		165842E1233F46980058AC6C /* QuestionTextArea.swift */ = {isa = PBXFileReference; lastKnownFileType = sourcecode.swift; path = QuestionTextArea.swift; sourceTree = "<group>"; };
		16713832233E365800DC31A4 /* SocialBank.app */ = {isa = PBXFileReference; explicitFileType = wrapper.application; includeInIndex = 0; path = SocialBank.app; sourceTree = BUILT_PRODUCTS_DIR; };
		16713835233E365800DC31A4 /* AppDelegate.swift */ = {isa = PBXFileReference; lastKnownFileType = sourcecode.swift; path = AppDelegate.swift; sourceTree = "<group>"; };
		16713837233E365800DC31A4 /* SceneDelegate.swift */ = {isa = PBXFileReference; lastKnownFileType = sourcecode.swift; path = SceneDelegate.swift; sourceTree = "<group>"; };
		1671383C233E365800DC31A4 /* Base */ = {isa = PBXFileReference; lastKnownFileType = file.storyboard; name = Base; path = Base.lproj/Main.storyboard; sourceTree = "<group>"; };
		1671383E233E365900DC31A4 /* Assets.xcassets */ = {isa = PBXFileReference; lastKnownFileType = folder.assetcatalog; path = Assets.xcassets; sourceTree = "<group>"; };
		16713841233E365900DC31A4 /* Base */ = {isa = PBXFileReference; lastKnownFileType = file.storyboard; name = Base; path = Base.lproj/LaunchScreen.storyboard; sourceTree = "<group>"; };
		16713843233E365900DC31A4 /* Info.plist */ = {isa = PBXFileReference; lastKnownFileType = text.plist.xml; path = Info.plist; sourceTree = "<group>"; };
		16713848233E365A00DC31A4 /* SocialBankTests.xctest */ = {isa = PBXFileReference; explicitFileType = wrapper.cfbundle; includeInIndex = 0; path = SocialBankTests.xctest; sourceTree = BUILT_PRODUCTS_DIR; };
		1671384C233E365A00DC31A4 /* SocialBankTests.swift */ = {isa = PBXFileReference; lastKnownFileType = sourcecode.swift; path = SocialBankTests.swift; sourceTree = "<group>"; };
		1671384E233E365A00DC31A4 /* Info.plist */ = {isa = PBXFileReference; lastKnownFileType = text.plist.xml; path = Info.plist; sourceTree = "<group>"; };
		16713853233E365A00DC31A4 /* SocialBankUITests.xctest */ = {isa = PBXFileReference; explicitFileType = wrapper.cfbundle; includeInIndex = 0; path = SocialBankUITests.xctest; sourceTree = BUILT_PRODUCTS_DIR; };
		16713857233E365A00DC31A4 /* SocialBankUITests.swift */ = {isa = PBXFileReference; lastKnownFileType = sourcecode.swift; path = SocialBankUITests.swift; sourceTree = "<group>"; };
		16713859233E365A00DC31A4 /* Info.plist */ = {isa = PBXFileReference; lastKnownFileType = text.plist.xml; path = Info.plist; sourceTree = "<group>"; };
		16713865233E3D2000DC31A4 /* BankIniciativeVC.swift */ = {isa = PBXFileReference; lastKnownFileType = sourcecode.swift; path = BankIniciativeVC.swift; sourceTree = "<group>"; };
		16713867233E3F2100DC31A4 /* LoginVC.swift */ = {isa = PBXFileReference; lastKnownFileType = sourcecode.swift; path = LoginVC.swift; sourceTree = "<group>"; };
		1671386E233E48A100DC31A4 /* UDKeys.swift */ = {isa = PBXFileReference; lastKnownFileType = sourcecode.swift; path = UDKeys.swift; sourceTree = "<group>"; };
		16713872233E515600DC31A4 /* EnterCodeVC.swift */ = {isa = PBXFileReference; lastKnownFileType = sourcecode.swift; path = EnterCodeVC.swift; sourceTree = "<group>"; };
		16713875233E520D00DC31A4 /* MainNavVC.swift */ = {isa = PBXFileReference; lastKnownFileType = sourcecode.swift; path = MainNavVC.swift; sourceTree = "<group>"; };
		1698EF1F233F4C5400444C5B /* QuestionRating.swift */ = {isa = PBXFileReference; lastKnownFileType = sourcecode.swift; path = QuestionRating.swift; sourceTree = "<group>"; };
		1698EF21233F625900444C5B /* IniciativeFullTopBar.swift */ = {isa = PBXFileReference; lastKnownFileType = sourcecode.swift; path = IniciativeFullTopBar.swift; sourceTree = "<group>"; };
		38BEB8264ACF599A472DB5E4 /* Pods-SocialBank.debug.xcconfig */ = {isa = PBXFileReference; includeInIndex = 1; lastKnownFileType = text.xcconfig; name = "Pods-SocialBank.debug.xcconfig"; path = "Target Support Files/Pods-SocialBank/Pods-SocialBank.debug.xcconfig"; sourceTree = "<group>"; };
		5E473E4A51FB9F44C3066E5C /* Pods-SocialBank.release.xcconfig */ = {isa = PBXFileReference; includeInIndex = 1; lastKnownFileType = text.xcconfig; name = "Pods-SocialBank.release.xcconfig"; path = "Target Support Files/Pods-SocialBank/Pods-SocialBank.release.xcconfig"; sourceTree = "<group>"; };
		728AC1CAFD5402155F4F345F /* Pods_SocialBank.framework */ = {isa = PBXFileReference; explicitFileType = wrapper.framework; includeInIndex = 0; path = Pods_SocialBank.framework; sourceTree = BUILT_PRODUCTS_DIR; };
/* End PBXFileReference section */

/* Begin PBXFrameworksBuildPhase section */
		1671382F233E365800DC31A4 /* Frameworks */ = {
			isa = PBXFrameworksBuildPhase;
			buildActionMask = 2147483647;
			files = (
				3FAFE306FD3D9F425E716767 /* Pods_SocialBank.framework in Frameworks */,
			);
			runOnlyForDeploymentPostprocessing = 0;
		};
		16713845233E365A00DC31A4 /* Frameworks */ = {
			isa = PBXFrameworksBuildPhase;
			buildActionMask = 2147483647;
			files = (
			);
			runOnlyForDeploymentPostprocessing = 0;
		};
		16713850233E365A00DC31A4 /* Frameworks */ = {
			isa = PBXFrameworksBuildPhase;
			buildActionMask = 2147483647;
			files = (
			);
			runOnlyForDeploymentPostprocessing = 0;
		};
/* End PBXFrameworksBuildPhase section */

/* Begin PBXGroup section */
		0F267820CCEBFB8AFB8080A5 /* Frameworks */ = {
			isa = PBXGroup;
			children = (
				728AC1CAFD5402155F4F345F /* Pods_SocialBank.framework */,
			);
			name = Frameworks;
			sourceTree = "<group>";
		};
		1658427A233E5AD80058AC6C /* Network */ = {
			isa = PBXGroup;
			children = (
				1658427B233E5AED0058AC6C /* API.swift */,
				1658427E233E5C8B0058AC6C /* ApiProvider.swift */,
				16584288233E632A0058AC6C /* APISessionManager.swift */,
				16584284233E5F210058AC6C /* NError.swift */,
			);
			name = Network;
			sourceTree = "<group>";
		};
		1658427D233E5C1B0058AC6C /* Support */ = {
			isa = PBXGroup;
			children = (
				1671383B233E365800DC31A4 /* Main.storyboard */,
				1671383E233E365900DC31A4 /* Assets.xcassets */,
				16713840233E365900DC31A4 /* LaunchScreen.storyboard */,
				16713843233E365900DC31A4 /* Info.plist */,
				16584286233E60250058AC6C /* RxMoya.swift */,
			);
			name = Support;
			sourceTree = "<group>";
		};
		16584290233E6EFE0058AC6C /* VCS */ = {
			isa = PBXGroup;
			children = (
				1658428C233E6A0C0058AC6C /* MainTabBar.swift */,
				16713875233E520D00DC31A4 /* MainNavVC.swift */,
				165842A1233EA04E0058AC6C /* BaseVC.swift */,
			);
			name = VCS;
			sourceTree = "<group>";
		};
		16584291233E6F140058AC6C /* Utils */ = {
			isa = PBXGroup;
			children = (
				1658428A233E64780058AC6C /* Extensions.swift */,
				1671386E233E48A100DC31A4 /* UDKeys.swift */,
				165842AB233EC3A30058AC6C /* Colors.swift */,
				1658428E233E6B8A0058AC6C /* Images.swift */,
				16584298233E790C0058AC6C /* Fonts.swift */,
			);
			name = Utils;
			sourceTree = "<group>";
		};
		16584292233E73E40058AC6C /* Iniciative */ = {
			isa = PBXGroup;
			children = (
				16713865233E3D2000DC31A4 /* BankIniciativeVC.swift */,
				16584293233E74ED0058AC6C /* BankIniciativeModel.swift */,
			);
			name = Iniciative;
			sourceTree = "<group>";
		};
		16584295233E75AE0058AC6C /* Views */ = {
			isa = PBXGroup;
			children = (
				16584296233E75C60058AC6C /* VotesStackView.swift */,
				165842AD233EC6130058AC6C /* VoteButton.swift */,
				165842AF233ED7580058AC6C /* SegmentedControl.swift */,
				165842A9233EAB5C0058AC6C /* ReusableView.swift */,
				165842B3233EE7110058AC6C /* CustomTextField.swift */,
				165842B7233EF1C00058AC6C /* GrayBtn.swift */,
			);
			name = Views;
			sourceTree = "<group>";
		};
		1658429A233E9FD00058AC6C /* IniciativeListing */ = {
			isa = PBXGroup;
			children = (
				1658429B233E9FE60058AC6C /* IniciativeListingVC.swift */,
				165842A3233EA1800058AC6C /* IniciativeListingVM.swift */,
				165842A5233EA4190058AC6C /* IniciativeListRequest.swift */,
				165842A7233EA5160058AC6C /* IniciativeListResponse.swift */,
				1658429D233EA00C0058AC6C /* IniciativeListingCellWithImage.swift */,
				1658429F233EA0270058AC6C /* IniciativeListingCell.swift */,
				165842B1233ED99A0058AC6C /* InactiveListtopBar.swift */,
			);
			name = IniciativeListing;
			sourceTree = "<group>";
		};
		165842B9233EF55C0058AC6C /* IniciativeFull */ = {
			isa = PBXGroup;
			children = (
				165842BA233EF56D0058AC6C /* IniciativeFullVC.swift */,
				165842BE233F051F0058AC6C /* CheckboxGroupView.swift */,
				165842C5233F09B80058AC6C /* CheckboxCell.swift */,
				165842D3233F304E0058AC6C /* SelectorGroupView.swift */,
				165842D1233F30430058AC6C /* SelectorCell.swift */,
				165842DB233F39740058AC6C /* SectionView.swift */,
				165842DF233F42310058AC6C /* QuestionTextField.swift */,
				165842E1233F46980058AC6C /* QuestionTextArea.swift */,
				1698EF1F233F4C5400444C5B /* QuestionRating.swift */,
				1698EF21233F625900444C5B /* IniciativeFullTopBar.swift */,
			);
			name = IniciativeFull;
			sourceTree = "<group>";
		};
		165842C0233F05AF0058AC6C /* Models */ = {
			isa = PBXGroup;
			children = (
				165842C1233F05C00058AC6C /* CheckboxGroupModel.swift */,
				165842D7233F30CA0058AC6C /* SelectorGroupModel.swift */,
				165842DD233F411D0058AC6C /* InputGroupModel.swift */,
				165842C3233F05F90058AC6C /* CheckboxItemModel.swift */,
				165842D5233F30BF0058AC6C /* SelectorItemModel.swift */,
				165842C7233F16F30058AC6C /* QuestionModel.swift */,
				165842CB233F19590058AC6C /* IniciativeFullRequest.swift */,
				165842CD233F1E350058AC6C /* IniciativeFullResponse.swift */,
				165842CF233F28AC0058AC6C /* AnswerRequest.swift */,
				165842D9233F34BC0058AC6C /* ConstantsIniciative.swift */,
			);
			name = Models;
			sourceTree = "<group>";
		};
		16713829233E365800DC31A4 = {
			isa = PBXGroup;
			children = (
				16713834233E365800DC31A4 /* SocialBank */,
				1671384B233E365A00DC31A4 /* SocialBankTests */,
				16713856233E365A00DC31A4 /* SocialBankUITests */,
				16713833233E365800DC31A4 /* Products */,
				41ACF6F268B2A9C83852015F /* Pods */,
				0F267820CCEBFB8AFB8080A5 /* Frameworks */,
			);
			sourceTree = "<group>";
		};
		16713833233E365800DC31A4 /* Products */ = {
			isa = PBXGroup;
			children = (
				16713832233E365800DC31A4 /* SocialBank.app */,
				16713848233E365A00DC31A4 /* SocialBankTests.xctest */,
				16713853233E365A00DC31A4 /* SocialBankUITests.xctest */,
			);
			name = Products;
			sourceTree = "<group>";
		};
		16713834233E365800DC31A4 /* SocialBank */ = {
			isa = PBXGroup;
			children = (
				16713835233E365800DC31A4 /* AppDelegate.swift */,
				16713837233E365800DC31A4 /* SceneDelegate.swift */,
				165842C0233F05AF0058AC6C /* Models */,
				165842B9233EF55C0058AC6C /* IniciativeFull */,
				1658429A233E9FD00058AC6C /* IniciativeListing */,
				16584295233E75AE0058AC6C /* Views */,
				16584292233E73E40058AC6C /* Iniciative */,
				16584291233E6F140058AC6C /* Utils */,
				16584290233E6EFE0058AC6C /* VCS */,
				1658427A233E5AD80058AC6C /* Network */,
				16713877233E535800DC31A4 /* Login */,
				1658427D233E5C1B0058AC6C /* Support */,
			);
			path = SocialBank;
			sourceTree = "<group>";
		};
		1671384B233E365A00DC31A4 /* SocialBankTests */ = {
			isa = PBXGroup;
			children = (
				1671384C233E365A00DC31A4 /* SocialBankTests.swift */,
				1671384E233E365A00DC31A4 /* Info.plist */,
			);
			path = SocialBankTests;
			sourceTree = "<group>";
		};
		16713856233E365A00DC31A4 /* SocialBankUITests */ = {
			isa = PBXGroup;
			children = (
				16713857233E365A00DC31A4 /* SocialBankUITests.swift */,
				16713859233E365A00DC31A4 /* Info.plist */,
			);
			path = SocialBankUITests;
			sourceTree = "<group>";
		};
		16713877233E535800DC31A4 /* Login */ = {
			isa = PBXGroup;
			children = (
				16713867233E3F2100DC31A4 /* LoginVC.swift */,
				16713872233E515600DC31A4 /* EnterCodeVC.swift */,
				16584280233E5E5C0058AC6C /* LoginRequest.swift */,
				16584282233E5E660058AC6C /* LoginResponse.swift */,
			);
			name = Login;
			sourceTree = "<group>";
		};
		41ACF6F268B2A9C83852015F /* Pods */ = {
			isa = PBXGroup;
			children = (
				38BEB8264ACF599A472DB5E4 /* Pods-SocialBank.debug.xcconfig */,
				5E473E4A51FB9F44C3066E5C /* Pods-SocialBank.release.xcconfig */,
			);
			path = Pods;
			sourceTree = "<group>";
		};
/* End PBXGroup section */

/* Begin PBXNativeTarget section */
		16713831233E365800DC31A4 /* SocialBank */ = {
			isa = PBXNativeTarget;
			buildConfigurationList = 1671385C233E365A00DC31A4 /* Build configuration list for PBXNativeTarget "SocialBank" */;
			buildPhases = (
				7659CB2FBD13DF11BADF7AB2 /* [CP] Check Pods Manifest.lock */,
				1671382E233E365800DC31A4 /* Sources */,
				1671382F233E365800DC31A4 /* Frameworks */,
				16713830233E365800DC31A4 /* Resources */,
				95B543F6383CEC791C35CDA4 /* [CP] Embed Pods Frameworks */,
			);
			buildRules = (
			);
			dependencies = (
			);
			name = SocialBank;
			productName = SocialBank;
			productReference = 16713832233E365800DC31A4 /* SocialBank.app */;
			productType = "com.apple.product-type.application";
		};
		16713847233E365A00DC31A4 /* SocialBankTests */ = {
			isa = PBXNativeTarget;
			buildConfigurationList = 1671385F233E365A00DC31A4 /* Build configuration list for PBXNativeTarget "SocialBankTests" */;
			buildPhases = (
				16713844233E365A00DC31A4 /* Sources */,
				16713845233E365A00DC31A4 /* Frameworks */,
				16713846233E365A00DC31A4 /* Resources */,
			);
			buildRules = (
			);
			dependencies = (
				1671384A233E365A00DC31A4 /* PBXTargetDependency */,
			);
			name = SocialBankTests;
			productName = SocialBankTests;
			productReference = 16713848233E365A00DC31A4 /* SocialBankTests.xctest */;
			productType = "com.apple.product-type.bundle.unit-test";
		};
		16713852233E365A00DC31A4 /* SocialBankUITests */ = {
			isa = PBXNativeTarget;
			buildConfigurationList = 16713862233E365A00DC31A4 /* Build configuration list for PBXNativeTarget "SocialBankUITests" */;
			buildPhases = (
				1671384F233E365A00DC31A4 /* Sources */,
				16713850233E365A00DC31A4 /* Frameworks */,
				16713851233E365A00DC31A4 /* Resources */,
			);
			buildRules = (
			);
			dependencies = (
				16713855233E365A00DC31A4 /* PBXTargetDependency */,
			);
			name = SocialBankUITests;
			productName = SocialBankUITests;
			productReference = 16713853233E365A00DC31A4 /* SocialBankUITests.xctest */;
			productType = "com.apple.product-type.bundle.ui-testing";
		};
/* End PBXNativeTarget section */

/* Begin PBXProject section */
		1671382A233E365800DC31A4 /* Project object */ = {
			isa = PBXProject;
			attributes = {
				LastSwiftUpdateCheck = 1100;
				LastUpgradeCheck = 1100;
				ORGANIZATIONNAME = "Вильян Яумбаев";
				TargetAttributes = {
					16713831233E365800DC31A4 = {
						CreatedOnToolsVersion = 11.0;
					};
					16713847233E365A00DC31A4 = {
						CreatedOnToolsVersion = 11.0;
						TestTargetID = 16713831233E365800DC31A4;
					};
					16713852233E365A00DC31A4 = {
						CreatedOnToolsVersion = 11.0;
						TestTargetID = 16713831233E365800DC31A4;
					};
				};
			};
			buildConfigurationList = 1671382D233E365800DC31A4 /* Build configuration list for PBXProject "SocialBank" */;
			compatibilityVersion = "Xcode 9.3";
			developmentRegion = en;
			hasScannedForEncodings = 0;
			knownRegions = (
				en,
				Base,
			);
			mainGroup = 16713829233E365800DC31A4;
			productRefGroup = 16713833233E365800DC31A4 /* Products */;
			projectDirPath = "";
			projectRoot = "";
			targets = (
				16713831233E365800DC31A4 /* SocialBank */,
				16713847233E365A00DC31A4 /* SocialBankTests */,
				16713852233E365A00DC31A4 /* SocialBankUITests */,
			);
		};
/* End PBXProject section */

/* Begin PBXResourcesBuildPhase section */
		16713830233E365800DC31A4 /* Resources */ = {
			isa = PBXResourcesBuildPhase;
			buildActionMask = 2147483647;
			files = (
				16713842233E365900DC31A4 /* LaunchScreen.storyboard in Resources */,
				1671383F233E365900DC31A4 /* Assets.xcassets in Resources */,
				1671383D233E365800DC31A4 /* Main.storyboard in Resources */,
			);
			runOnlyForDeploymentPostprocessing = 0;
		};
		16713846233E365A00DC31A4 /* Resources */ = {
			isa = PBXResourcesBuildPhase;
			buildActionMask = 2147483647;
			files = (
			);
			runOnlyForDeploymentPostprocessing = 0;
		};
		16713851233E365A00DC31A4 /* Resources */ = {
			isa = PBXResourcesBuildPhase;
			buildActionMask = 2147483647;
			files = (
			);
			runOnlyForDeploymentPostprocessing = 0;
		};
/* End PBXResourcesBuildPhase section */

/* Begin PBXShellScriptBuildPhase section */
		7659CB2FBD13DF11BADF7AB2 /* [CP] Check Pods Manifest.lock */ = {
			isa = PBXShellScriptBuildPhase;
			buildActionMask = 2147483647;
			files = (
			);
			inputFileListPaths = (
			);
			inputPaths = (
				"${PODS_PODFILE_DIR_PATH}/Podfile.lock",
				"${PODS_ROOT}/Manifest.lock",
			);
			name = "[CP] Check Pods Manifest.lock";
			outputFileListPaths = (
			);
			outputPaths = (
				"$(DERIVED_FILE_DIR)/Pods-SocialBank-checkManifestLockResult.txt",
			);
			runOnlyForDeploymentPostprocessing = 0;
			shellPath = /bin/sh;
			shellScript = "diff \"${PODS_PODFILE_DIR_PATH}/Podfile.lock\" \"${PODS_ROOT}/Manifest.lock\" > /dev/null\nif [ $? != 0 ] ; then\n    # print error to STDERR\n    echo \"error: The sandbox is not in sync with the Podfile.lock. Run 'pod install' or update your CocoaPods installation.\" >&2\n    exit 1\nfi\n# This output is used by Xcode 'outputs' to avoid re-running this script phase.\necho \"SUCCESS\" > \"${SCRIPT_OUTPUT_FILE_0}\"\n";
			showEnvVarsInLog = 0;
		};
		95B543F6383CEC791C35CDA4 /* [CP] Embed Pods Frameworks */ = {
			isa = PBXShellScriptBuildPhase;
			buildActionMask = 2147483647;
			files = (
			);
			inputFileListPaths = (
				"${PODS_ROOT}/Target Support Files/Pods-SocialBank/Pods-SocialBank-frameworks-${CONFIGURATION}-input-files.xcfilelist",
			);
			name = "[CP] Embed Pods Frameworks";
			outputFileListPaths = (
				"${PODS_ROOT}/Target Support Files/Pods-SocialBank/Pods-SocialBank-frameworks-${CONFIGURATION}-output-files.xcfilelist",
			);
			runOnlyForDeploymentPostprocessing = 0;
			shellPath = /bin/sh;
			shellScript = "\"${PODS_ROOT}/Target Support Files/Pods-SocialBank/Pods-SocialBank-frameworks.sh\"\n";
			showEnvVarsInLog = 0;
		};
/* End PBXShellScriptBuildPhase section */

/* Begin PBXSourcesBuildPhase section */
		1671382E233E365800DC31A4 /* Sources */ = {
			isa = PBXSourcesBuildPhase;
			buildActionMask = 2147483647;
			files = (
				165842CC233F19590058AC6C /* IniciativeFullRequest.swift in Sources */,
				1698EF20233F4C5400444C5B /* QuestionRating.swift in Sources */,
				165842A8233EA5160058AC6C /* IniciativeListResponse.swift in Sources */,
				165842DE233F411D0058AC6C /* InputGroupModel.swift in Sources */,
				165842BF233F051F0058AC6C /* CheckboxGroupView.swift in Sources */,
				165842A0233EA0270058AC6C /* IniciativeListingCell.swift in Sources */,
				16584294233E74ED0058AC6C /* BankIniciativeModel.swift in Sources */,
				165842AE233EC6140058AC6C /* VoteButton.swift in Sources */,
				1658429E233EA00C0058AC6C /* IniciativeListingCellWithImage.swift in Sources */,
				16713836233E365800DC31A4 /* AppDelegate.swift in Sources */,
				16584283233E5E660058AC6C /* LoginResponse.swift in Sources */,
				16584287233E60250058AC6C /* RxMoya.swift in Sources */,
				165842D2233F30430058AC6C /* SelectorCell.swift in Sources */,
				1698EF22233F625900444C5B /* IniciativeFullTopBar.swift in Sources */,
				16713876233E520D00DC31A4 /* MainNavVC.swift in Sources */,
				16713873233E515600DC31A4 /* EnterCodeVC.swift in Sources */,
				165842C4233F05F90058AC6C /* CheckboxItemModel.swift in Sources */,
				165842B2233ED99A0058AC6C /* InactiveListtopBar.swift in Sources */,
				165842C2233F05C00058AC6C /* CheckboxGroupModel.swift in Sources */,
				1658428B233E64780058AC6C /* Extensions.swift in Sources */,
				1658429C233E9FE60058AC6C /* IniciativeListingVC.swift in Sources */,
				165842B8233EF1C00058AC6C /* GrayBtn.swift in Sources */,
				165842D6233F30BF0058AC6C /* SelectorItemModel.swift in Sources */,
				1671386F233E48A100DC31A4 /* UDKeys.swift in Sources */,
				165842D8233F30CA0058AC6C /* SelectorGroupModel.swift in Sources */,
				16713838233E365800DC31A4 /* SceneDelegate.swift in Sources */,
				165842D4233F304E0058AC6C /* SelectorGroupView.swift in Sources */,
				16713866233E3D2000DC31A4 /* BankIniciativeVC.swift in Sources */,
				1658427F233E5C8B0058AC6C /* ApiProvider.swift in Sources */,
				165842A6233EA4190058AC6C /* IniciativeListRequest.swift in Sources */,
				1658427C233E5AED0058AC6C /* API.swift in Sources */,
				16584289233E632A0058AC6C /* APISessionManager.swift in Sources */,
				16584297233E75C60058AC6C /* VotesStackView.swift in Sources */,
				165842AA233EAB5C0058AC6C /* ReusableView.swift in Sources */,
				165842BB233EF56D0058AC6C /* IniciativeFullVC.swift in Sources */,
				165842CE233F1E360058AC6C /* IniciativeFullResponse.swift in Sources */,
				165842AC233EC3A30058AC6C /* Colors.swift in Sources */,
				165842B4233EE7110058AC6C /* CustomTextField.swift in Sources */,
				1658428F233E6B8A0058AC6C /* Images.swift in Sources */,
				16713868233E3F2100DC31A4 /* LoginVC.swift in Sources */,
				165842A2233EA04E0058AC6C /* BaseVC.swift in Sources */,
				165842E2233F46980058AC6C /* QuestionTextArea.swift in Sources */,
				165842DA233F34BC0058AC6C /* ConstantsIniciative.swift in Sources */,
				165842A4233EA1800058AC6C /* IniciativeListingVM.swift in Sources */,
				16584299233E790C0058AC6C /* Fonts.swift in Sources */,
				16584281233E5E5C0058AC6C /* LoginRequest.swift in Sources */,
				1658428D233E6A0C0058AC6C /* MainTabBar.swift in Sources */,
				165842B0233ED7580058AC6C /* SegmentedControl.swift in Sources */,
				16584285233E5F210058AC6C /* NError.swift in Sources */,
				165842DC233F39740058AC6C /* SectionView.swift in Sources */,
				165842D0233F28AC0058AC6C /* AnswerRequest.swift in Sources */,
				165842C6233F09B80058AC6C /* CheckboxCell.swift in Sources */,
				165842C8233F16F30058AC6C /* QuestionModel.swift in Sources */,
				165842E0233F42310058AC6C /* QuestionTextField.swift in Sources */,
			);
			runOnlyForDeploymentPostprocessing = 0;
		};
		16713844233E365A00DC31A4 /* Sources */ = {
			isa = PBXSourcesBuildPhase;
			buildActionMask = 2147483647;
			files = (
				1671384D233E365A00DC31A4 /* SocialBankTests.swift in Sources */,
			);
			runOnlyForDeploymentPostprocessing = 0;
		};
		1671384F233E365A00DC31A4 /* Sources */ = {
			isa = PBXSourcesBuildPhase;
			buildActionMask = 2147483647;
			files = (
				16713858233E365A00DC31A4 /* SocialBankUITests.swift in Sources */,
			);
			runOnlyForDeploymentPostprocessing = 0;
		};
/* End PBXSourcesBuildPhase section */

/* Begin PBXTargetDependency section */
		1671384A233E365A00DC31A4 /* PBXTargetDependency */ = {
			isa = PBXTargetDependency;
			target = 16713831233E365800DC31A4 /* SocialBank */;
			targetProxy = 16713849233E365A00DC31A4 /* PBXContainerItemProxy */;
		};
		16713855233E365A00DC31A4 /* PBXTargetDependency */ = {
			isa = PBXTargetDependency;
			target = 16713831233E365800DC31A4 /* SocialBank */;
			targetProxy = 16713854233E365A00DC31A4 /* PBXContainerItemProxy */;
		};
/* End PBXTargetDependency section */

/* Begin PBXVariantGroup section */
		1671383B233E365800DC31A4 /* Main.storyboard */ = {
			isa = PBXVariantGroup;
			children = (
				1671383C233E365800DC31A4 /* Base */,
			);
			name = Main.storyboard;
			sourceTree = "<group>";
		};
		16713840233E365900DC31A4 /* LaunchScreen.storyboard */ = {
			isa = PBXVariantGroup;
			children = (
				16713841233E365900DC31A4 /* Base */,
			);
			name = LaunchScreen.storyboard;
			sourceTree = "<group>";
		};
/* End PBXVariantGroup section */

/* Begin XCBuildConfiguration section */
		1671385A233E365A00DC31A4 /* Debug */ = {
			isa = XCBuildConfiguration;
			buildSettings = {
				ALWAYS_SEARCH_USER_PATHS = NO;
				CLANG_ANALYZER_NONNULL = YES;
				CLANG_ANALYZER_NUMBER_OBJECT_CONVERSION = YES_AGGRESSIVE;
				CLANG_CXX_LANGUAGE_STANDARD = "gnu++14";
				CLANG_CXX_LIBRARY = "libc++";
				CLANG_ENABLE_MODULES = YES;
				CLANG_ENABLE_OBJC_ARC = YES;
				CLANG_ENABLE_OBJC_WEAK = YES;
				CLANG_WARN_BLOCK_CAPTURE_AUTORELEASING = YES;
				CLANG_WARN_BOOL_CONVERSION = YES;
				CLANG_WARN_COMMA = YES;
				CLANG_WARN_CONSTANT_CONVERSION = YES;
				CLANG_WARN_DEPRECATED_OBJC_IMPLEMENTATIONS = YES;
				CLANG_WARN_DIRECT_OBJC_ISA_USAGE = YES_ERROR;
				CLANG_WARN_DOCUMENTATION_COMMENTS = YES;
				CLANG_WARN_EMPTY_BODY = YES;
				CLANG_WARN_ENUM_CONVERSION = YES;
				CLANG_WARN_INFINITE_RECURSION = YES;
				CLANG_WARN_INT_CONVERSION = YES;
				CLANG_WARN_NON_LITERAL_NULL_CONVERSION = YES;
				CLANG_WARN_OBJC_IMPLICIT_RETAIN_SELF = YES;
				CLANG_WARN_OBJC_LITERAL_CONVERSION = YES;
				CLANG_WARN_OBJC_ROOT_CLASS = YES_ERROR;
				CLANG_WARN_RANGE_LOOP_ANALYSIS = YES;
				CLANG_WARN_STRICT_PROTOTYPES = YES;
				CLANG_WARN_SUSPICIOUS_MOVE = YES;
				CLANG_WARN_UNGUARDED_AVAILABILITY = YES_AGGRESSIVE;
				CLANG_WARN_UNREACHABLE_CODE = YES;
				CLANG_WARN__DUPLICATE_METHOD_MATCH = YES;
				COPY_PHASE_STRIP = NO;
				DEBUG_INFORMATION_FORMAT = dwarf;
				ENABLE_STRICT_OBJC_MSGSEND = YES;
				ENABLE_TESTABILITY = YES;
				GCC_C_LANGUAGE_STANDARD = gnu11;
				GCC_DYNAMIC_NO_PIC = NO;
				GCC_NO_COMMON_BLOCKS = YES;
				GCC_OPTIMIZATION_LEVEL = 0;
				GCC_PREPROCESSOR_DEFINITIONS = (
					"DEBUG=1",
					"$(inherited)",
				);
				GCC_WARN_64_TO_32_BIT_CONVERSION = YES;
				GCC_WARN_ABOUT_RETURN_TYPE = YES_ERROR;
				GCC_WARN_UNDECLARED_SELECTOR = YES;
				GCC_WARN_UNINITIALIZED_AUTOS = YES_AGGRESSIVE;
				GCC_WARN_UNUSED_FUNCTION = YES;
				GCC_WARN_UNUSED_VARIABLE = YES;
				IPHONEOS_DEPLOYMENT_TARGET = 13.0;
				MTL_ENABLE_DEBUG_INFO = INCLUDE_SOURCE;
				MTL_FAST_MATH = YES;
				ONLY_ACTIVE_ARCH = YES;
				SDKROOT = iphoneos;
				SWIFT_ACTIVE_COMPILATION_CONDITIONS = DEBUG;
				SWIFT_OPTIMIZATION_LEVEL = "-Onone";
			};
			name = Debug;
		};
		1671385B233E365A00DC31A4 /* Release */ = {
			isa = XCBuildConfiguration;
			buildSettings = {
				ALWAYS_SEARCH_USER_PATHS = NO;
				CLANG_ANALYZER_NONNULL = YES;
				CLANG_ANALYZER_NUMBER_OBJECT_CONVERSION = YES_AGGRESSIVE;
				CLANG_CXX_LANGUAGE_STANDARD = "gnu++14";
				CLANG_CXX_LIBRARY = "libc++";
				CLANG_ENABLE_MODULES = YES;
				CLANG_ENABLE_OBJC_ARC = YES;
				CLANG_ENABLE_OBJC_WEAK = YES;
				CLANG_WARN_BLOCK_CAPTURE_AUTORELEASING = YES;
				CLANG_WARN_BOOL_CONVERSION = YES;
				CLANG_WARN_COMMA = YES;
				CLANG_WARN_CONSTANT_CONVERSION = YES;
				CLANG_WARN_DEPRECATED_OBJC_IMPLEMENTATIONS = YES;
				CLANG_WARN_DIRECT_OBJC_ISA_USAGE = YES_ERROR;
				CLANG_WARN_DOCUMENTATION_COMMENTS = YES;
				CLANG_WARN_EMPTY_BODY = YES;
				CLANG_WARN_ENUM_CONVERSION = YES;
				CLANG_WARN_INFINITE_RECURSION = YES;
				CLANG_WARN_INT_CONVERSION = YES;
				CLANG_WARN_NON_LITERAL_NULL_CONVERSION = YES;
				CLANG_WARN_OBJC_IMPLICIT_RETAIN_SELF = YES;
				CLANG_WARN_OBJC_LITERAL_CONVERSION = YES;
				CLANG_WARN_OBJC_ROOT_CLASS = YES_ERROR;
				CLANG_WARN_RANGE_LOOP_ANALYSIS = YES;
				CLANG_WARN_STRICT_PROTOTYPES = YES;
				CLANG_WARN_SUSPICIOUS_MOVE = YES;
				CLANG_WARN_UNGUARDED_AVAILABILITY = YES_AGGRESSIVE;
				CLANG_WARN_UNREACHABLE_CODE = YES;
				CLANG_WARN__DUPLICATE_METHOD_MATCH = YES;
				COPY_PHASE_STRIP = NO;
				DEBUG_INFORMATION_FORMAT = "dwarf-with-dsym";
				ENABLE_NS_ASSERTIONS = NO;
				ENABLE_STRICT_OBJC_MSGSEND = YES;
				GCC_C_LANGUAGE_STANDARD = gnu11;
				GCC_NO_COMMON_BLOCKS = YES;
				GCC_WARN_64_TO_32_BIT_CONVERSION = YES;
				GCC_WARN_ABOUT_RETURN_TYPE = YES_ERROR;
				GCC_WARN_UNDECLARED_SELECTOR = YES;
				GCC_WARN_UNINITIALIZED_AUTOS = YES_AGGRESSIVE;
				GCC_WARN_UNUSED_FUNCTION = YES;
				GCC_WARN_UNUSED_VARIABLE = YES;
				IPHONEOS_DEPLOYMENT_TARGET = 13.0;
				MTL_ENABLE_DEBUG_INFO = NO;
				MTL_FAST_MATH = YES;
				SDKROOT = iphoneos;
				SWIFT_COMPILATION_MODE = wholemodule;
				SWIFT_OPTIMIZATION_LEVEL = "-O";
				VALIDATE_PRODUCT = YES;
			};
			name = Release;
		};
		1671385D233E365A00DC31A4 /* Debug */ = {
			isa = XCBuildConfiguration;
			baseConfigurationReference = 38BEB8264ACF599A472DB5E4 /* Pods-SocialBank.debug.xcconfig */;
			buildSettings = {
				ASSETCATALOG_COMPILER_APPICON_NAME = AppIcon;
				CODE_SIGN_STYLE = Automatic;
				DEVELOPMENT_TEAM = HDF5KZUR3R;
				INFOPLIST_FILE = SocialBank/Info.plist;
				IPHONEOS_DEPLOYMENT_TARGET = 13.0;
				LD_RUNPATH_SEARCH_PATHS = (
					"$(inherited)",
					"@executable_path/Frameworks",
				);
				PRODUCT_BUNDLE_IDENTIFIER = NOVA.SocialBank;
				PRODUCT_NAME = "$(TARGET_NAME)";
				SWIFT_VERSION = 5.0;
				TARGETED_DEVICE_FAMILY = 1;
			};
			name = Debug;
		};
		1671385E233E365A00DC31A4 /* Release */ = {
			isa = XCBuildConfiguration;
			baseConfigurationReference = 5E473E4A51FB9F44C3066E5C /* Pods-SocialBank.release.xcconfig */;
			buildSettings = {
				ASSETCATALOG_COMPILER_APPICON_NAME = AppIcon;
				CODE_SIGN_STYLE = Automatic;
				DEVELOPMENT_TEAM = HDF5KZUR3R;
				INFOPLIST_FILE = SocialBank/Info.plist;
				IPHONEOS_DEPLOYMENT_TARGET = 13.0;
				LD_RUNPATH_SEARCH_PATHS = (
					"$(inherited)",
					"@executable_path/Frameworks",
				);
				PRODUCT_BUNDLE_IDENTIFIER = NOVA.SocialBank;
				PRODUCT_NAME = "$(TARGET_NAME)";
				SWIFT_VERSION = 5.0;
				TARGETED_DEVICE_FAMILY = 1;
			};
			name = Release;
		};
		16713860233E365A00DC31A4 /* Debug */ = {
			isa = XCBuildConfiguration;
			buildSettings = {
				ALWAYS_EMBED_SWIFT_STANDARD_LIBRARIES = YES;
				BUNDLE_LOADER = "$(TEST_HOST)";
				CODE_SIGN_STYLE = Automatic;
				DEVELOPMENT_TEAM = HDF5KZUR3R;
				INFOPLIST_FILE = SocialBankTests/Info.plist;
				IPHONEOS_DEPLOYMENT_TARGET = 13.0;
				LD_RUNPATH_SEARCH_PATHS = (
					"$(inherited)",
					"@executable_path/Frameworks",
					"@loader_path/Frameworks",
				);
				PRODUCT_BUNDLE_IDENTIFIER = NOVA.SocialBankTests;
				PRODUCT_NAME = "$(TARGET_NAME)";
				SWIFT_VERSION = 5.0;
				TARGETED_DEVICE_FAMILY = "1,2";
				TEST_HOST = "$(BUILT_PRODUCTS_DIR)/SocialBank.app/SocialBank";
			};
			name = Debug;
		};
		16713861233E365A00DC31A4 /* Release */ = {
			isa = XCBuildConfiguration;
			buildSettings = {
				ALWAYS_EMBED_SWIFT_STANDARD_LIBRARIES = YES;
				BUNDLE_LOADER = "$(TEST_HOST)";
				CODE_SIGN_STYLE = Automatic;
				DEVELOPMENT_TEAM = HDF5KZUR3R;
				INFOPLIST_FILE = SocialBankTests/Info.plist;
				IPHONEOS_DEPLOYMENT_TARGET = 13.0;
				LD_RUNPATH_SEARCH_PATHS = (
					"$(inherited)",
					"@executable_path/Frameworks",
					"@loader_path/Frameworks",
				);
				PRODUCT_BUNDLE_IDENTIFIER = NOVA.SocialBankTests;
				PRODUCT_NAME = "$(TARGET_NAME)";
				SWIFT_VERSION = 5.0;
				TARGETED_DEVICE_FAMILY = "1,2";
				TEST_HOST = "$(BUILT_PRODUCTS_DIR)/SocialBank.app/SocialBank";
			};
			name = Release;
		};
		16713863233E365A00DC31A4 /* Debug */ = {
			isa = XCBuildConfiguration;
			buildSettings = {
				ALWAYS_EMBED_SWIFT_STANDARD_LIBRARIES = YES;
				CODE_SIGN_STYLE = Automatic;
				DEVELOPMENT_TEAM = HDF5KZUR3R;
				INFOPLIST_FILE = SocialBankUITests/Info.plist;
				LD_RUNPATH_SEARCH_PATHS = (
					"$(inherited)",
					"@executable_path/Frameworks",
					"@loader_path/Frameworks",
				);
				PRODUCT_BUNDLE_IDENTIFIER = NOVA.SocialBankUITests;
				PRODUCT_NAME = "$(TARGET_NAME)";
				SWIFT_VERSION = 5.0;
				TARGETED_DEVICE_FAMILY = "1,2";
				TEST_TARGET_NAME = SocialBank;
			};
			name = Debug;
		};
		16713864233E365A00DC31A4 /* Release */ = {
			isa = XCBuildConfiguration;
			buildSettings = {
				ALWAYS_EMBED_SWIFT_STANDARD_LIBRARIES = YES;
				CODE_SIGN_STYLE = Automatic;
				DEVELOPMENT_TEAM = HDF5KZUR3R;
				INFOPLIST_FILE = SocialBankUITests/Info.plist;
				LD_RUNPATH_SEARCH_PATHS = (
					"$(inherited)",
					"@executable_path/Frameworks",
					"@loader_path/Frameworks",
				);
				PRODUCT_BUNDLE_IDENTIFIER = NOVA.SocialBankUITests;
				PRODUCT_NAME = "$(TARGET_NAME)";
				SWIFT_VERSION = 5.0;
				TARGETED_DEVICE_FAMILY = "1,2";
				TEST_TARGET_NAME = SocialBank;
			};
			name = Release;
		};
/* End XCBuildConfiguration section */

/* Begin XCConfigurationList section */
		1671382D233E365800DC31A4 /* Build configuration list for PBXProject "SocialBank" */ = {
			isa = XCConfigurationList;
			buildConfigurations = (
				1671385A233E365A00DC31A4 /* Debug */,
				1671385B233E365A00DC31A4 /* Release */,
			);
			defaultConfigurationIsVisible = 0;
			defaultConfigurationName = Release;
		};
		1671385C233E365A00DC31A4 /* Build configuration list for PBXNativeTarget "SocialBank" */ = {
			isa = XCConfigurationList;
			buildConfigurations = (
				1671385D233E365A00DC31A4 /* Debug */,
				1671385E233E365A00DC31A4 /* Release */,
			);
			defaultConfigurationIsVisible = 0;
			defaultConfigurationName = Release;
		};
		1671385F233E365A00DC31A4 /* Build configuration list for PBXNativeTarget "SocialBankTests" */ = {
			isa = XCConfigurationList;
			buildConfigurations = (
				16713860233E365A00DC31A4 /* Debug */,
				16713861233E365A00DC31A4 /* Release */,
			);
			defaultConfigurationIsVisible = 0;
			defaultConfigurationName = Release;
		};
		16713862233E365A00DC31A4 /* Build configuration list for PBXNativeTarget "SocialBankUITests" */ = {
			isa = XCConfigurationList;
			buildConfigurations = (
				16713863233E365A00DC31A4 /* Debug */,
				16713864233E365A00DC31A4 /* Release */,
			);
			defaultConfigurationIsVisible = 0;
			defaultConfigurationName = Release;
		};
/* End XCConfigurationList section */
	};
	rootObject = 1671382A233E365800DC31A4 /* Project object */;
}
